{
  "version": 4,
  "terraform_version": "1.4.6",
  "serial": 32,
  "lineage": "1726526b-4941-3acf-6155-6e87a05008b3",
  "outputs": {},
  "resources": [
    {
      "mode": "managed",
      "type": "keycloak_group",
      "name": "groups",
      "provider": "provider[\"registry.terraform.io/mrparkers/keycloak\"]",
      "instances": [
        {
          "index_key": "argocd-admin",
          "schema_version": 0,
          "attributes": {
            "attributes": null,
            "id": "117c83c1-de3b-4d1b-967f-eff2d853fca2",
            "name": "argocd-admin",
            "parent_id": null,
            "path": "/argocd-admin",
            "realm_id": "master"
          },
          "sensitive_attributes": [],
          "private": "bnVsbA=="
        },
        {
          "index_key": "argocd-dev",
          "schema_version": 0,
          "attributes": {
            "attributes": null,
            "id": "f4cf90a3-0266-4bfb-b4af-bc0b0c21583c",
            "name": "argocd-dev",
            "parent_id": null,
            "path": "/argocd-dev",
            "realm_id": "master"
          },
          "sensitive_attributes": [],
          "private": "bnVsbA=="
        },
        {
          "index_key": "grafana-admin",
          "schema_version": 0,
          "attributes": {
            "attributes": null,
            "id": "1db7c57c-355e-4bf5-a9c9-48680f998143",
            "name": "grafana-admin",
            "parent_id": null,
            "path": "/grafana-admin",
            "realm_id": "master"
          },
          "sensitive_attributes": [],
          "private": "bnVsbA=="
        },
        {
          "index_key": "grafana-dev",
          "schema_version": 0,
          "attributes": {
            "attributes": null,
            "id": "bbd9c860-a81b-4603-a2a8-7a9bfa89e785",
            "name": "grafana-dev",
            "parent_id": null,
            "path": "/grafana-dev",
            "realm_id": "master"
          },
          "sensitive_attributes": [],
          "private": "bnVsbA=="
        },
        {
          "index_key": "kube-admin",
          "schema_version": 0,
          "attributes": {
            "attributes": null,
            "id": "64e1f9c8-9e44-4030-ba72-e75a1b735eb7",
            "name": "kube-admin",
            "parent_id": null,
            "path": "/kube-admin",
            "realm_id": "master"
          },
          "sensitive_attributes": [],
          "private": "bnVsbA=="
        },
        {
          "index_key": "kube-dev",
          "schema_version": 0,
          "attributes": {
            "attributes": null,
            "id": "47ad4ff1-8c55-4746-b257-b87eb02fe210",
            "name": "kube-dev",
            "parent_id": null,
            "path": "/kube-dev",
            "realm_id": "master"
          },
          "sensitive_attributes": [],
          "private": "bnVsbA=="
        }
      ]
    },
    {
      "mode": "managed",
      "type": "keycloak_group",
      "name": "kw_group",
      "provider": "provider[\"registry.terraform.io/mrparkers/keycloak\"]",
      "instances": [
        {
          "schema_version": 0,
          "attributes": {
            "attributes": null,
            "id": "060aadbf-8d2f-42e8-8fcb-1667e3fa72b9",
            "name": "kwetter-user",
            "parent_id": null,
            "path": "/kwetter-user",
            "realm_id": "kwetter"
          },
          "sensitive_attributes": [],
          "private": "bnVsbA==",
          "dependencies": [
            "keycloak_realm.kw_realm"
          ]
        }
      ]
    },
    {
      "mode": "managed",
      "type": "keycloak_openid_client",
      "name": "argocd",
      "provider": "provider[\"registry.terraform.io/mrparkers/keycloak\"]",
      "instances": [
        {
          "schema_version": 0,
          "attributes": {
            "access_token_lifespan": "",
            "access_type": "CONFIDENTIAL",
            "admin_url": "",
            "authentication_flow_binding_overrides": [],
            "authorization": [],
            "backchannel_logout_revoke_offline_sessions": false,
            "backchannel_logout_session_required": true,
            "backchannel_logout_url": "",
            "base_url": "",
            "client_id": "argocd",
            "client_offline_session_idle_timeout": "",
            "client_offline_session_max_lifespan": "",
            "client_secret": "argocd-client-secret",
            "client_session_idle_timeout": "",
            "client_session_max_lifespan": "",
            "consent_required": false,
            "description": "",
            "direct_access_grants_enabled": false,
            "enabled": true,
            "exclude_session_state_from_auth_response": false,
            "extra_config": null,
            "full_scope_allowed": true,
            "id": "1393533e-523f-4cfb-a9b2-d13f073f42c8",
            "implicit_flow_enabled": false,
            "login_theme": "",
            "name": "argocd",
            "pkce_code_challenge_method": null,
            "realm_id": "master",
            "resource_server_id": null,
            "root_url": "",
            "service_account_user_id": "",
            "service_accounts_enabled": false,
            "standard_flow_enabled": true,
            "use_refresh_tokens": true,
            "valid_redirect_uris": [
              "https://argocd.kind.cluster/auth/callback"
            ],
            "web_origins": null
          },
          "sensitive_attributes": [],
          "private": "bnVsbA=="
        }
      ]
    },
    {
      "mode": "managed",
      "type": "keycloak_openid_client",
      "name": "grafana",
      "provider": "provider[\"registry.terraform.io/mrparkers/keycloak\"]",
      "instances": [
        {
          "schema_version": 0,
          "attributes": {
            "access_token_lifespan": "",
            "access_type": "CONFIDENTIAL",
            "admin_url": "",
            "authentication_flow_binding_overrides": [],
            "authorization": [],
            "backchannel_logout_revoke_offline_sessions": false,
            "backchannel_logout_session_required": true,
            "backchannel_logout_url": "",
            "base_url": "",
            "client_id": "grafana",
            "client_offline_session_idle_timeout": "",
            "client_offline_session_max_lifespan": "",
            "client_secret": "grafana-client-secret",
            "client_session_idle_timeout": "",
            "client_session_max_lifespan": "",
            "consent_required": false,
            "description": "",
            "direct_access_grants_enabled": false,
            "enabled": true,
            "exclude_session_state_from_auth_response": false,
            "extra_config": null,
            "full_scope_allowed": true,
            "id": "93a90a84-11e5-4290-809b-121c78059bd3",
            "implicit_flow_enabled": false,
            "login_theme": "",
            "name": "grafana",
            "pkce_code_challenge_method": null,
            "realm_id": "master",
            "resource_server_id": null,
            "root_url": "",
            "service_account_user_id": "",
            "service_accounts_enabled": false,
            "standard_flow_enabled": true,
            "use_refresh_tokens": true,
            "valid_redirect_uris": [
              "https://grafana.kind.cluster/login/generic_oauth"
            ],
            "web_origins": null
          },
          "sensitive_attributes": [],
          "private": "bnVsbA=="
        }
      ]
    },
    {
      "mode": "managed",
      "type": "keycloak_openid_client",
      "name": "kube",
      "provider": "provider[\"registry.terraform.io/mrparkers/keycloak\"]",
      "instances": [
        {
          "schema_version": 0,
          "attributes": {
            "access_token_lifespan": "",
            "access_type": "CONFIDENTIAL",
            "admin_url": "",
            "authentication_flow_binding_overrides": [],
            "authorization": [],
            "backchannel_logout_revoke_offline_sessions": false,
            "backchannel_logout_session_required": true,
            "backchannel_logout_url": "",
            "base_url": "",
            "client_id": "kube",
            "client_offline_session_idle_timeout": "",
            "client_offline_session_max_lifespan": "",
            "client_secret": "kube-client-secret",
            "client_session_idle_timeout": "",
            "client_session_max_lifespan": "",
            "consent_required": false,
            "description": "",
            "direct_access_grants_enabled": true,
            "enabled": true,
            "exclude_session_state_from_auth_response": false,
            "extra_config": null,
            "full_scope_allowed": true,
            "id": "6ce6fcd3-b064-426a-83e4-6d1b92801605",
            "implicit_flow_enabled": false,
            "login_theme": "",
            "name": "kube",
            "pkce_code_challenge_method": null,
            "realm_id": "master",
            "resource_server_id": null,
            "root_url": "",
            "service_account_user_id": "",
            "service_accounts_enabled": false,
            "standard_flow_enabled": false,
            "use_refresh_tokens": true,
            "valid_redirect_uris": null,
            "web_origins": null
          },
          "sensitive_attributes": [],
          "private": "bnVsbA=="
        }
      ]
    },
    {
      "mode": "managed",
      "type": "keycloak_openid_client",
      "name": "kw_openid_client",
      "provider": "provider[\"registry.terraform.io/mrparkers/keycloak\"]",
      "instances": [
        {
          "schema_version": 0,
          "attributes": {
            "access_token_lifespan": "",
            "access_type": "PUBLIC",
            "admin_url": "",
            "authentication_flow_binding_overrides": [],
            "authorization": [],
            "backchannel_logout_revoke_offline_sessions": false,
            "backchannel_logout_session_required": true,
            "backchannel_logout_url": "",
            "base_url": "",
            "client_id": "kwetter-client",
            "client_offline_session_idle_timeout": "",
            "client_offline_session_max_lifespan": "",
            "client_secret": "",
            "client_session_idle_timeout": "",
            "client_session_max_lifespan": "",
            "consent_required": false,
            "description": "",
            "direct_access_grants_enabled": false,
            "enabled": true,
            "exclude_session_state_from_auth_response": false,
            "extra_config": {
              "key1": "value1",
              "key2": "value2"
            },
            "full_scope_allowed": true,
            "id": "a8c10901-83f4-4b8c-b80a-67555eb8c573",
            "implicit_flow_enabled": false,
            "login_theme": "keycloak",
            "name": "kwetter client",
            "pkce_code_challenge_method": null,
            "realm_id": "kwetter",
            "resource_server_id": null,
            "root_url": "",
            "service_account_user_id": "",
            "service_accounts_enabled": false,
            "standard_flow_enabled": true,
            "use_refresh_tokens": true,
            "valid_redirect_uris": [
              "https://localhost:3000/",
              "https://localhost:3000/home",
              "https://localhost:3000/timeline"
            ],
            "web_origins": [
              "+"
            ]
          },
          "sensitive_attributes": [],
          "private": "bnVsbA==",
          "dependencies": [
            "keycloak_realm.kw_realm"
          ]
        }
      ]
    },
    {
      "mode": "managed",
      "type": "keycloak_openid_client",
      "name": "mattermost",
      "provider": "provider[\"registry.terraform.io/mrparkers/keycloak\"]",
      "instances": [
        {
          "schema_version": 0,
          "attributes": {
            "access_token_lifespan": "",
            "access_type": "CONFIDENTIAL",
            "admin_url": "",
            "authentication_flow_binding_overrides": [],
            "authorization": [],
            "backchannel_logout_revoke_offline_sessions": false,
            "backchannel_logout_session_required": true,
            "backchannel_logout_url": "",
            "base_url": "",
            "client_id": "mattermost",
            "client_offline_session_idle_timeout": "",
            "client_offline_session_max_lifespan": "",
            "client_secret": "mattermost-client-secret",
            "client_session_idle_timeout": "",
            "client_session_max_lifespan": "",
            "consent_required": false,
            "description": "",
            "direct_access_grants_enabled": false,
            "enabled": true,
            "exclude_session_state_from_auth_response": false,
            "extra_config": null,
            "full_scope_allowed": true,
            "id": "02d0563f-e21d-4b8a-8bdc-502d0f9b6b17",
            "implicit_flow_enabled": false,
            "login_theme": "",
            "name": "mattermost",
            "pkce_code_challenge_method": null,
            "realm_id": "master",
            "resource_server_id": null,
            "root_url": "",
            "service_account_user_id": "",
            "service_accounts_enabled": false,
            "standard_flow_enabled": true,
            "use_refresh_tokens": true,
            "valid_redirect_uris": [
              "https://mattermost.kind.cluster/signup/gitlab/complete"
            ],
            "web_origins": null
          },
          "sensitive_attributes": [],
          "private": "bnVsbA=="
        }
      ]
    },
    {
      "mode": "managed",
      "type": "keycloak_openid_client_default_scopes",
      "name": "argocd",
      "provider": "provider[\"registry.terraform.io/mrparkers/keycloak\"]",
      "instances": [
        {
          "schema_version": 0,
          "attributes": {
            "client_id": "1393533e-523f-4cfb-a9b2-d13f073f42c8",
            "default_scopes": [
              "email",
              "groups",
              "profile",
              "roles",
              "web-origins"
            ],
            "id": "master/1393533e-523f-4cfb-a9b2-d13f073f42c8",
            "realm_id": "master"
          },
          "sensitive_attributes": [],
          "private": "bnVsbA==",
          "dependencies": [
            "keycloak_openid_client.argocd",
            "keycloak_openid_client_scope.groups"
          ]
        }
      ]
    },
    {
      "mode": "managed",
      "type": "keycloak_openid_client_default_scopes",
      "name": "grafana",
      "provider": "provider[\"registry.terraform.io/mrparkers/keycloak\"]",
      "instances": [
        {
          "schema_version": 0,
          "attributes": {
            "client_id": "93a90a84-11e5-4290-809b-121c78059bd3",
            "default_scopes": [
              "email",
              "groups",
              "profile"
            ],
            "id": "master/93a90a84-11e5-4290-809b-121c78059bd3",
            "realm_id": "master"
          },
          "sensitive_attributes": [],
          "private": "bnVsbA==",
          "dependencies": [
            "keycloak_openid_client.grafana",
            "keycloak_openid_client_scope.groups"
          ]
        }
      ]
    },
    {
      "mode": "managed",
      "type": "keycloak_openid_client_default_scopes",
      "name": "kube",
      "provider": "provider[\"registry.terraform.io/mrparkers/keycloak\"]",
      "instances": [
        {
          "schema_version": 0,
          "attributes": {
            "client_id": "6ce6fcd3-b064-426a-83e4-6d1b92801605",
            "default_scopes": [
              "email",
              "groups"
            ],
            "id": "master/6ce6fcd3-b064-426a-83e4-6d1b92801605",
            "realm_id": "master"
          },
          "sensitive_attributes": [],
          "private": "bnVsbA==",
          "dependencies": [
            "keycloak_openid_client.kube",
            "keycloak_openid_client_scope.groups"
          ]
        }
      ]
    },
    {
      "mode": "managed",
      "type": "keycloak_openid_client_default_scopes",
      "name": "kw_client_default_scope",
      "provider": "provider[\"registry.terraform.io/mrparkers/keycloak\"]",
      "instances": [
        {
          "schema_version": 0,
          "attributes": {
            "client_id": "a8c10901-83f4-4b8c-b80a-67555eb8c573",
            "default_scopes": [
              "email",
              "kwetter-client-scope",
              "profile",
              "roles",
              "web-origins"
            ],
            "id": "kwetter/a8c10901-83f4-4b8c-b80a-67555eb8c573",
            "realm_id": "kwetter"
          },
          "sensitive_attributes": [],
          "private": "bnVsbA==",
          "dependencies": [
            "keycloak_openid_client.kw_openid_client",
            "keycloak_openid_client_scope.kw_client_scope",
            "keycloak_realm.kw_realm"
          ]
        }
      ]
    },
    {
      "mode": "managed",
      "type": "keycloak_openid_client_default_scopes",
      "name": "mattermost",
      "provider": "provider[\"registry.terraform.io/mrparkers/keycloak\"]",
      "instances": [
        {
          "schema_version": 0,
          "attributes": {
            "client_id": "02d0563f-e21d-4b8a-8bdc-502d0f9b6b17",
            "default_scopes": [
              "email"
            ],
            "id": "master/02d0563f-e21d-4b8a-8bdc-502d0f9b6b17",
            "realm_id": "master"
          },
          "sensitive_attributes": [],
          "private": "bnVsbA==",
          "dependencies": [
            "keycloak_openid_client.mattermost"
          ]
        }
      ]
    },
    {
      "mode": "managed",
      "type": "keycloak_openid_client_scope",
      "name": "groups",
      "provider": "provider[\"registry.terraform.io/mrparkers/keycloak\"]",
      "instances": [
        {
          "schema_version": 0,
          "attributes": {
            "consent_screen_text": null,
            "description": "",
            "gui_order": 1,
            "id": "ea77c22a-2868-4131-812c-ca6cf80e49fd",
            "include_in_token_scope": true,
            "name": "groups",
            "realm_id": "master"
          },
          "sensitive_attributes": [],
          "private": "bnVsbA=="
        }
      ]
    },
    {
      "mode": "managed",
      "type": "keycloak_openid_client_scope",
      "name": "kw_client_scope",
      "provider": "provider[\"registry.terraform.io/mrparkers/keycloak\"]",
      "instances": [
        {
          "schema_version": 0,
          "attributes": {
            "consent_screen_text": null,
            "description": "Default scope for Kwetter users",
            "gui_order": 1,
            "id": "0eae5305-6271-44ed-aad3-1cbba872612f",
            "include_in_token_scope": true,
            "name": "kwetter-client-scope",
            "realm_id": "kwetter"
          },
          "sensitive_attributes": [],
          "private": "bnVsbA==",
          "dependencies": [
            "keycloak_realm.kw_realm"
          ]
        }
      ]
    },
    {
      "mode": "managed",
      "type": "keycloak_openid_client_scope",
      "name": "kw_groups",
      "provider": "provider[\"registry.terraform.io/mrparkers/keycloak\"]",
      "instances": [
        {
          "schema_version": 0,
          "attributes": {
            "consent_screen_text": null,
            "description": "",
            "gui_order": 1,
            "id": "4faeb3a4-df50-440a-b940-34f705549ef2",
            "include_in_token_scope": true,
            "name": "kw-groups",
            "realm_id": "kwetter"
          },
          "sensitive_attributes": [],
          "private": "bnVsbA==",
          "dependencies": [
            "keycloak_realm.kw_realm"
          ]
        }
      ]
    },
    {
      "mode": "managed",
      "type": "keycloak_openid_group_membership_protocol_mapper",
      "name": "groups",
      "provider": "provider[\"registry.terraform.io/mrparkers/keycloak\"]",
      "instances": [
        {
          "schema_version": 0,
          "attributes": {
            "add_to_access_token": true,
            "add_to_id_token": true,
            "add_to_userinfo": true,
            "claim_name": "groups",
            "client_id": null,
            "client_scope_id": "ea77c22a-2868-4131-812c-ca6cf80e49fd",
            "full_path": false,
            "id": "f22a4622-afe4-43a4-9f98-12bd3f5c24d2",
            "name": "groups",
            "realm_id": "master"
          },
          "sensitive_attributes": [],
          "private": "bnVsbA==",
          "dependencies": [
            "keycloak_openid_client_scope.groups"
          ]
        }
      ]
    },
    {
      "mode": "managed",
      "type": "keycloak_openid_group_membership_protocol_mapper",
      "name": "kw_groups",
      "provider": "provider[\"registry.terraform.io/mrparkers/keycloak\"]",
      "instances": [
        {
          "schema_version": 0,
          "attributes": {
            "add_to_access_token": true,
            "add_to_id_token": true,
            "add_to_userinfo": true,
            "claim_name": "groups",
            "client_id": null,
            "client_scope_id": "4faeb3a4-df50-440a-b940-34f705549ef2",
            "full_path": false,
            "id": "316bc376-830b-4dc4-a0ba-e8f37d3d5cab",
            "name": "kw-groups",
            "realm_id": "kwetter"
          },
          "sensitive_attributes": [],
          "private": "bnVsbA==",
          "dependencies": [
            "keycloak_openid_client_scope.kw_groups",
            "keycloak_realm.kw_realm"
          ]
        }
      ]
    },
    {
      "mode": "managed",
      "type": "keycloak_openid_user_attribute_protocol_mapper",
      "name": "gitlab_id",
      "provider": "provider[\"registry.terraform.io/mrparkers/keycloak\"]",
      "instances": [
        {
          "schema_version": 0,
          "attributes": {
            "add_to_access_token": false,
            "add_to_id_token": false,
            "add_to_userinfo": true,
            "aggregate_attributes": false,
            "claim_name": "id",
            "claim_value_type": "long",
            "client_id": "02d0563f-e21d-4b8a-8bdc-502d0f9b6b17",
            "client_scope_id": null,
            "id": "ebdf7d45-0518-41a4-8067-3cb18c0138d5",
            "multivalued": false,
            "name": "gitlab_id",
            "realm_id": "master",
            "user_attribute": "gitlab_id"
          },
          "sensitive_attributes": [],
          "private": "bnVsbA==",
          "dependencies": [
            "keycloak_openid_client.mattermost"
          ]
        }
      ]
    },
    {
      "mode": "managed",
      "type": "keycloak_openid_user_property_protocol_mapper",
      "name": "username",
      "provider": "provider[\"registry.terraform.io/mrparkers/keycloak\"]",
      "instances": [
        {
          "schema_version": 0,
          "attributes": {
            "add_to_access_token": false,
            "add_to_id_token": false,
            "add_to_userinfo": true,
            "claim_name": "username",
            "claim_value_type": "String",
            "client_id": "02d0563f-e21d-4b8a-8bdc-502d0f9b6b17",
            "client_scope_id": null,
            "id": "46407bb6-5048-4e89-b513-b009498f5e56",
            "name": "username",
            "realm_id": "master",
            "user_property": "username"
          },
          "sensitive_attributes": [],
          "private": "bnVsbA==",
          "dependencies": [
            "keycloak_openid_client.mattermost"
          ]
        }
      ]
    },
    {
      "mode": "managed",
      "type": "keycloak_realm",
      "name": "kw_realm",
      "provider": "provider[\"registry.terraform.io/mrparkers/keycloak\"]",
      "instances": [
        {
          "schema_version": 0,
          "attributes": {
            "access_code_lifespan": "1h0m0s",
            "access_code_lifespan_login": "30m0s",
            "access_code_lifespan_user_action": "5m0s",
            "access_token_lifespan": "5m0s",
            "access_token_lifespan_for_implicit_flow": "15m0s",
            "account_theme": "",
            "action_token_generated_by_admin_lifespan": "12h0m0s",
            "action_token_generated_by_user_lifespan": "5m0s",
            "admin_theme": "",
            "attributes": null,
            "browser_flow": "browser",
            "client_authentication_flow": "clients",
            "default_default_client_scopes": null,
            "default_optional_client_scopes": null,
            "default_signature_algorithm": "",
            "direct_grant_flow": "direct grant",
            "display_name": "Kwetter",
            "display_name_html": "\u003cb\u003eKwetter\u003c/b\u003e",
            "docker_authentication_flow": "docker auth",
            "duplicate_emails_allowed": false,
            "edit_username_allowed": true,
            "email_theme": "",
            "enabled": true,
            "id": "kwetter",
            "internal_id": "kwetter",
            "internationalization": [
              {
                "default_locale": "en",
                "supported_locales": [
                  "de",
                  "en",
                  "fr"
                ]
              }
            ],
            "login_theme": "base",
            "login_with_email_allowed": true,
            "offline_session_idle_timeout": "720h0m0s",
            "offline_session_max_lifespan": "1440h0m0s",
            "offline_session_max_lifespan_enabled": false,
            "otp_policy": [
              {
                "algorithm": "HmacSHA1",
                "digits": 6,
                "initial_counter": 0,
                "look_ahead_window": 1,
                "period": 30,
                "type": "totp"
              }
            ],
            "password_policy": "upperCase(1) and length(8) and forceExpiredPasswordChange(365) and notUsername",
            "realm": "kwetter",
            "refresh_token_max_reuse": 0,
            "registration_allowed": true,
            "registration_email_as_username": false,
            "registration_flow": "registration",
            "remember_me": true,
            "reset_credentials_flow": "reset credentials",
            "reset_password_allowed": true,
            "revoke_refresh_token": false,
            "security_defenses": [
              {
                "brute_force_detection": [
                  {
                    "failure_reset_time_seconds": 43200,
                    "max_failure_wait_seconds": 900,
                    "max_login_failures": 5,
                    "minimum_quick_login_wait_seconds": 60,
                    "permanent_lockout": false,
                    "quick_login_check_milli_seconds": 1000,
                    "wait_increment_seconds": 60
                  }
                ],
                "headers": [
                  {
                    "content_security_policy": "frame-src 'self'; frame-ancestors 'self'; object-src 'none';",
                    "content_security_policy_report_only": "",
                    "strict_transport_security": "max-age=31536000; includeSubDomains",
                    "x_content_type_options": "nosniff",
                    "x_frame_options": "DENY",
                    "x_robots_tag": "none",
                    "x_xss_protection": "1; mode=block"
                  }
                ]
              }
            ],
            "smtp_server": [],
            "ssl_required": "external",
            "sso_session_idle_timeout": "30m0s",
            "sso_session_idle_timeout_remember_me": "0s",
            "sso_session_max_lifespan": "10h0m0s",
            "sso_session_max_lifespan_remember_me": "0s",
            "user_managed_access": false,
            "verify_email": false,
            "web_authn_passwordless_policy": [
              {
                "acceptable_aaguids": [],
                "attestation_conveyance_preference": "not specified",
                "authenticator_attachment": "not specified",
                "avoid_same_authenticator_register": false,
                "create_timeout": 0,
                "relying_party_entity_name": "keycloak",
                "relying_party_id": "",
                "require_resident_key": "not specified",
                "signature_algorithms": [
                  "ES256"
                ],
                "user_verification_requirement": "not specified"
              }
            ],
            "web_authn_policy": [
              {
                "acceptable_aaguids": [],
                "attestation_conveyance_preference": "not specified",
                "authenticator_attachment": "not specified",
                "avoid_same_authenticator_register": false,
                "create_timeout": 0,
                "relying_party_entity_name": "keycloak",
                "relying_party_id": "",
                "require_resident_key": "not specified",
                "signature_algorithms": [
                  "ES256"
                ],
                "user_verification_requirement": "not specified"
              }
            ]
          },
          "sensitive_attributes": [],
          "private": "bnVsbA=="
        }
      ]
    },
    {
      "mode": "managed",
      "type": "keycloak_user",
      "name": "kw_user",
      "provider": "provider[\"registry.terraform.io/mrparkers/keycloak\"]",
      "instances": [
        {
          "schema_version": 0,
          "attributes": {
            "attributes": null,
            "email": "test-user@kwetter.com",
            "email_verified": true,
            "enabled": true,
            "federated_identity": [],
            "first_name": "John",
            "id": "7f3a7633-4ab9-44a2-ac04-637f8a319228",
            "initial_password": [
              {
                "temporary": false,
                "value": "Password!"
              }
            ],
            "last_name": "Smith",
            "realm_id": "kwetter",
            "username": "test-user"
          },
          "sensitive_attributes": [],
          "private": "bnVsbA==",
          "dependencies": [
            "keycloak_realm.kw_realm"
          ]
        }
      ]
    },
    {
      "mode": "managed",
      "type": "keycloak_user",
      "name": "users",
      "provider": "provider[\"registry.terraform.io/mrparkers/keycloak\"]",
      "instances": [
        {
          "index_key": "user-admin",
          "schema_version": 0,
          "attributes": {
            "attributes": {
              "gitlab_id": "2"
            },
            "email": "user-admin@domain.com",
            "email_verified": true,
            "enabled": true,
            "federated_identity": [],
            "first_name": "user-admin",
            "id": "b592a059-ca63-46f7-a521-d294b4d88e7b",
            "initial_password": [
              {
                "temporary": false,
                "value": "user-admin"
              }
            ],
            "last_name": "user-admin",
            "realm_id": "master",
            "username": "user-admin"
          },
          "sensitive_attributes": [],
          "private": "bnVsbA=="
        },
        {
          "index_key": "user-dev",
          "schema_version": 0,
          "attributes": {
            "attributes": {
              "gitlab_id": "1"
            },
            "email": "user-dev@domain.com",
            "email_verified": true,
            "enabled": true,
            "federated_identity": [],
            "first_name": "user-dev",
            "id": "d5fcbb2b-c4c2-4b4b-aa41-61837477e7c0",
            "initial_password": [
              {
                "temporary": false,
                "value": "user-dev"
              }
            ],
            "last_name": "user-dev",
            "realm_id": "master",
            "username": "user-dev"
          },
          "sensitive_attributes": [],
          "private": "bnVsbA=="
        }
      ]
    },
    {
      "mode": "managed",
      "type": "keycloak_user_groups",
      "name": "kw_user_groups",
      "provider": "provider[\"registry.terraform.io/mrparkers/keycloak\"]",
      "instances": [
        {
          "schema_version": 0,
          "attributes": {
            "exhaustive": true,
            "group_ids": [
              "060aadbf-8d2f-42e8-8fcb-1667e3fa72b9"
            ],
            "id": "kwetter/7f3a7633-4ab9-44a2-ac04-637f8a319228",
            "realm_id": "kwetter",
            "user_id": "7f3a7633-4ab9-44a2-ac04-637f8a319228"
          },
          "sensitive_attributes": [],
          "private": "bnVsbA==",
          "dependencies": [
            "keycloak_group.kw_group",
            "keycloak_realm.kw_realm",
            "keycloak_user.kw_user"
          ]
        }
      ]
    },
    {
      "mode": "managed",
      "type": "keycloak_user_groups",
      "name": "user_groups",
      "provider": "provider[\"registry.terraform.io/mrparkers/keycloak\"]",
      "instances": [
        {
          "index_key": "user-admin",
          "schema_version": 0,
          "attributes": {
            "exhaustive": true,
            "group_ids": [
              "117c83c1-de3b-4d1b-967f-eff2d853fca2",
              "1db7c57c-355e-4bf5-a9c9-48680f998143",
              "64e1f9c8-9e44-4030-ba72-e75a1b735eb7"
            ],
            "id": "master/b592a059-ca63-46f7-a521-d294b4d88e7b",
            "realm_id": "master",
            "user_id": "b592a059-ca63-46f7-a521-d294b4d88e7b"
          },
          "sensitive_attributes": [],
          "private": "bnVsbA==",
          "dependencies": [
            "keycloak_group.groups",
            "keycloak_user.users"
          ]
        },
        {
          "index_key": "user-dev",
          "schema_version": 0,
          "attributes": {
            "exhaustive": true,
            "group_ids": [
              "47ad4ff1-8c55-4746-b257-b87eb02fe210",
              "bbd9c860-a81b-4603-a2a8-7a9bfa89e785",
              "f4cf90a3-0266-4bfb-b4af-bc0b0c21583c"
            ],
            "id": "master/d5fcbb2b-c4c2-4b4b-aa41-61837477e7c0",
            "realm_id": "master",
            "user_id": "d5fcbb2b-c4c2-4b4b-aa41-61837477e7c0"
          },
          "sensitive_attributes": [],
          "private": "bnVsbA==",
          "dependencies": [
            "keycloak_group.groups",
            "keycloak_user.users"
          ]
        }
      ]
    }
  ],
  "check_results": null
}
