{
  "version": 4,
  "terraform_version": "1.4.6",
  "serial": 23,
  "lineage": "be8fafed-01c9-ce9a-c06f-c3bbbe5db975",
  "outputs": {},
  "resources": [
    {
      "mode": "managed",
      "type": "keycloak_group",
      "name": "groups",
      "provider": "provider[\"registry.terraform.io/mrparkers/keycloak\"]",
      "instances": [
        {
          "index_key": "argocd-admin",
          "schema_version": 0,
          "attributes": {
            "attributes": null,
            "id": "24330b40-2b3d-4dc5-bcbc-a113fc5cba3f",
            "name": "argocd-admin",
            "parent_id": null,
            "path": "/argocd-admin",
            "realm_id": "master"
          },
          "sensitive_attributes": [],
          "private": "bnVsbA=="
        },
        {
          "index_key": "argocd-dev",
          "schema_version": 0,
          "attributes": {
            "attributes": null,
            "id": "ab018092-a6b9-43bb-a02c-5e3d8ea391c4",
            "name": "argocd-dev",
            "parent_id": null,
            "path": "/argocd-dev",
            "realm_id": "master"
          },
          "sensitive_attributes": [],
          "private": "bnVsbA=="
        },
        {
          "index_key": "grafana-admin",
          "schema_version": 0,
          "attributes": {
            "attributes": null,
            "id": "903052af-c104-4dff-8c47-163537a8569a",
            "name": "grafana-admin",
            "parent_id": null,
            "path": "/grafana-admin",
            "realm_id": "master"
          },
          "sensitive_attributes": [],
          "private": "bnVsbA=="
        },
        {
          "index_key": "grafana-dev",
          "schema_version": 0,
          "attributes": {
            "attributes": null,
            "id": "d3a5a00b-bd6e-451d-988e-c5c0e5ee7031",
            "name": "grafana-dev",
            "parent_id": null,
            "path": "/grafana-dev",
            "realm_id": "master"
          },
          "sensitive_attributes": [],
          "private": "bnVsbA=="
        },
        {
          "index_key": "kube-admin",
          "schema_version": 0,
          "attributes": {
            "attributes": null,
            "id": "d06afa0f-195c-4347-aeef-a7f22defe0c4",
            "name": "kube-admin",
            "parent_id": null,
            "path": "/kube-admin",
            "realm_id": "master"
          },
          "sensitive_attributes": [],
          "private": "bnVsbA=="
        },
        {
          "index_key": "kube-dev",
          "schema_version": 0,
          "attributes": {
            "attributes": null,
            "id": "82fc5ec7-ed2f-4b03-a82e-2b73c4558df7",
            "name": "kube-dev",
            "parent_id": null,
            "path": "/kube-dev",
            "realm_id": "master"
          },
          "sensitive_attributes": [],
          "private": "bnVsbA=="
        }
      ]
    },
    {
      "mode": "managed",
      "type": "keycloak_openid_client",
      "name": "argocd",
      "provider": "provider[\"registry.terraform.io/mrparkers/keycloak\"]",
      "instances": [
        {
          "schema_version": 0,
          "attributes": {
            "access_token_lifespan": "",
            "access_type": "CONFIDENTIAL",
            "admin_url": "",
            "authentication_flow_binding_overrides": [],
            "authorization": [],
            "backchannel_logout_revoke_offline_sessions": false,
            "backchannel_logout_session_required": true,
            "backchannel_logout_url": "",
            "base_url": "",
            "client_id": "argocd",
            "client_offline_session_idle_timeout": "",
            "client_offline_session_max_lifespan": "",
            "client_secret": "argocd-client-secret",
            "client_session_idle_timeout": "",
            "client_session_max_lifespan": "",
            "consent_required": false,
            "description": "",
            "direct_access_grants_enabled": false,
            "enabled": true,
            "exclude_session_state_from_auth_response": false,
            "extra_config": null,
            "full_scope_allowed": true,
            "id": "650dd73f-d85d-4f48-b68a-1957720492e7",
            "implicit_flow_enabled": false,
            "login_theme": "",
            "name": "argocd",
            "pkce_code_challenge_method": null,
            "realm_id": "master",
            "resource_server_id": null,
            "root_url": "",
            "service_account_user_id": "",
            "service_accounts_enabled": false,
            "standard_flow_enabled": true,
            "use_refresh_tokens": true,
            "valid_redirect_uris": [
              "https://argocd.oibss.nl/auth/callback"
            ],
            "web_origins": null
          },
          "sensitive_attributes": [],
          "private": "bnVsbA=="
        }
      ]
    },
    {
      "mode": "managed",
      "type": "keycloak_openid_client",
      "name": "grafana",
      "provider": "provider[\"registry.terraform.io/mrparkers/keycloak\"]",
      "instances": [
        {
          "schema_version": 0,
          "attributes": {
            "access_token_lifespan": "",
            "access_type": "CONFIDENTIAL",
            "admin_url": "",
            "authentication_flow_binding_overrides": [],
            "authorization": [],
            "backchannel_logout_revoke_offline_sessions": false,
            "backchannel_logout_session_required": true,
            "backchannel_logout_url": "",
            "base_url": "",
            "client_id": "grafana",
            "client_offline_session_idle_timeout": "",
            "client_offline_session_max_lifespan": "",
            "client_secret": "grafana-client-secret",
            "client_session_idle_timeout": "",
            "client_session_max_lifespan": "",
            "consent_required": false,
            "description": "",
            "direct_access_grants_enabled": false,
            "enabled": true,
            "exclude_session_state_from_auth_response": false,
            "extra_config": null,
            "full_scope_allowed": true,
            "id": "6c7f483e-e3bd-4bbe-a41a-7637ac199df7",
            "implicit_flow_enabled": false,
            "login_theme": "",
            "name": "grafana",
            "pkce_code_challenge_method": null,
            "realm_id": "master",
            "resource_server_id": null,
            "root_url": "",
            "service_account_user_id": "",
            "service_accounts_enabled": false,
            "standard_flow_enabled": true,
            "use_refresh_tokens": true,
            "valid_redirect_uris": [
              "https://grafana.oibss.nl/login/generic_oauth"
            ],
            "web_origins": null
          },
          "sensitive_attributes": [],
          "private": "bnVsbA=="
        }
      ]
    },
    {
      "mode": "managed",
      "type": "keycloak_openid_client",
      "name": "kube",
      "provider": "provider[\"registry.terraform.io/mrparkers/keycloak\"]",
      "instances": [
        {
          "schema_version": 0,
          "attributes": {
            "access_token_lifespan": "",
            "access_type": "CONFIDENTIAL",
            "admin_url": "",
            "authentication_flow_binding_overrides": [],
            "authorization": [],
            "backchannel_logout_revoke_offline_sessions": false,
            "backchannel_logout_session_required": true,
            "backchannel_logout_url": "",
            "base_url": "",
            "client_id": "kube",
            "client_offline_session_idle_timeout": "",
            "client_offline_session_max_lifespan": "",
            "client_secret": "kube-client-secret",
            "client_session_idle_timeout": "",
            "client_session_max_lifespan": "",
            "consent_required": false,
            "description": "",
            "direct_access_grants_enabled": true,
            "enabled": true,
            "exclude_session_state_from_auth_response": false,
            "extra_config": null,
            "full_scope_allowed": true,
            "id": "5d7ce609-6571-4e94-ad02-dd96c391a0ae",
            "implicit_flow_enabled": false,
            "login_theme": "",
            "name": "kube",
            "pkce_code_challenge_method": null,
            "realm_id": "master",
            "resource_server_id": null,
            "root_url": "",
            "service_account_user_id": "",
            "service_accounts_enabled": false,
            "standard_flow_enabled": false,
            "use_refresh_tokens": true,
            "valid_redirect_uris": null,
            "web_origins": null
          },
          "sensitive_attributes": [],
          "private": "bnVsbA=="
        }
      ]
    },
    {
      "mode": "managed",
      "type": "keycloak_openid_client",
      "name": "mattermost",
      "provider": "provider[\"registry.terraform.io/mrparkers/keycloak\"]",
      "instances": [
        {
          "schema_version": 0,
          "attributes": {
            "access_token_lifespan": "",
            "access_type": "CONFIDENTIAL",
            "admin_url": "",
            "authentication_flow_binding_overrides": [],
            "authorization": [],
            "backchannel_logout_revoke_offline_sessions": false,
            "backchannel_logout_session_required": true,
            "backchannel_logout_url": "",
            "base_url": "",
            "client_id": "mattermost",
            "client_offline_session_idle_timeout": "",
            "client_offline_session_max_lifespan": "",
            "client_secret": "mattermost-client-secret",
            "client_session_idle_timeout": "",
            "client_session_max_lifespan": "",
            "consent_required": false,
            "description": "",
            "direct_access_grants_enabled": false,
            "enabled": true,
            "exclude_session_state_from_auth_response": false,
            "extra_config": null,
            "full_scope_allowed": true,
            "id": "6bcdd997-a674-422f-a7fd-4e61cc0ebb09",
            "implicit_flow_enabled": false,
            "login_theme": "",
            "name": "mattermost",
            "pkce_code_challenge_method": null,
            "realm_id": "master",
            "resource_server_id": null,
            "root_url": "",
            "service_account_user_id": "",
            "service_accounts_enabled": false,
            "standard_flow_enabled": true,
            "use_refresh_tokens": true,
            "valid_redirect_uris": [
              "https://mattermost.oibss.nl/signup/gitlab/complete"
            ],
            "web_origins": null
          },
          "sensitive_attributes": [],
          "private": "bnVsbA=="
        }
      ]
    },
    {
      "mode": "managed",
      "type": "keycloak_openid_client_default_scopes",
      "name": "argocd",
      "provider": "provider[\"registry.terraform.io/mrparkers/keycloak\"]",
      "instances": [
        {
          "schema_version": 0,
          "attributes": {
            "client_id": "650dd73f-d85d-4f48-b68a-1957720492e7",
            "default_scopes": [
              "email",
              "groups",
              "profile",
              "roles",
              "web-origins"
            ],
            "id": "master/650dd73f-d85d-4f48-b68a-1957720492e7",
            "realm_id": "master"
          },
          "sensitive_attributes": [],
          "private": "bnVsbA==",
          "dependencies": [
            "keycloak_openid_client.argocd",
            "keycloak_openid_client_scope.groups"
          ]
        }
      ]
    },
    {
      "mode": "managed",
      "type": "keycloak_openid_client_default_scopes",
      "name": "grafana",
      "provider": "provider[\"registry.terraform.io/mrparkers/keycloak\"]",
      "instances": [
        {
          "schema_version": 0,
          "attributes": {
            "client_id": "6c7f483e-e3bd-4bbe-a41a-7637ac199df7",
            "default_scopes": [
              "email",
              "groups",
              "profile"
            ],
            "id": "master/6c7f483e-e3bd-4bbe-a41a-7637ac199df7",
            "realm_id": "master"
          },
          "sensitive_attributes": [],
          "private": "bnVsbA==",
          "dependencies": [
            "keycloak_openid_client.grafana",
            "keycloak_openid_client_scope.groups"
          ]
        }
      ]
    },
    {
      "mode": "managed",
      "type": "keycloak_openid_client_default_scopes",
      "name": "kube",
      "provider": "provider[\"registry.terraform.io/mrparkers/keycloak\"]",
      "instances": [
        {
          "schema_version": 0,
          "attributes": {
            "client_id": "5d7ce609-6571-4e94-ad02-dd96c391a0ae",
            "default_scopes": [
              "email",
              "groups"
            ],
            "id": "master/5d7ce609-6571-4e94-ad02-dd96c391a0ae",
            "realm_id": "master"
          },
          "sensitive_attributes": [],
          "private": "bnVsbA==",
          "dependencies": [
            "keycloak_openid_client.kube",
            "keycloak_openid_client_scope.groups"
          ]
        }
      ]
    },
    {
      "mode": "managed",
      "type": "keycloak_openid_client_default_scopes",
      "name": "mattermost",
      "provider": "provider[\"registry.terraform.io/mrparkers/keycloak\"]",
      "instances": [
        {
          "schema_version": 0,
          "attributes": {
            "client_id": "6bcdd997-a674-422f-a7fd-4e61cc0ebb09",
            "default_scopes": [
              "email"
            ],
            "id": "master/6bcdd997-a674-422f-a7fd-4e61cc0ebb09",
            "realm_id": "master"
          },
          "sensitive_attributes": [],
          "private": "bnVsbA==",
          "dependencies": [
            "keycloak_openid_client.mattermost"
          ]
        }
      ]
    },
    {
      "mode": "managed",
      "type": "keycloak_openid_client_scope",
      "name": "groups",
      "provider": "provider[\"registry.terraform.io/mrparkers/keycloak\"]",
      "instances": [
        {
          "schema_version": 0,
          "attributes": {
            "consent_screen_text": null,
            "description": "",
            "gui_order": 1,
            "id": "42d634f8-204d-4173-8e3c-dea08d34c1f6",
            "include_in_token_scope": true,
            "name": "groups",
            "realm_id": "master"
          },
          "sensitive_attributes": [],
          "private": "bnVsbA=="
        }
      ]
    },
    {
      "mode": "managed",
      "type": "keycloak_openid_group_membership_protocol_mapper",
      "name": "groups",
      "provider": "provider[\"registry.terraform.io/mrparkers/keycloak\"]",
      "instances": [
        {
          "schema_version": 0,
          "attributes": {
            "add_to_access_token": true,
            "add_to_id_token": true,
            "add_to_userinfo": true,
            "claim_name": "groups",
            "client_id": null,
            "client_scope_id": "42d634f8-204d-4173-8e3c-dea08d34c1f6",
            "full_path": false,
            "id": "51ecc4e3-c0c4-42c8-b862-44a85e972f05",
            "name": "groups",
            "realm_id": "master"
          },
          "sensitive_attributes": [],
          "private": "bnVsbA==",
          "dependencies": [
            "keycloak_openid_client_scope.groups"
          ]
        }
      ]
    },
    {
      "mode": "managed",
      "type": "keycloak_openid_user_attribute_protocol_mapper",
      "name": "gitlab_id",
      "provider": "provider[\"registry.terraform.io/mrparkers/keycloak\"]",
      "instances": [
        {
          "schema_version": 0,
          "attributes": {
            "add_to_access_token": false,
            "add_to_id_token": false,
            "add_to_userinfo": true,
            "aggregate_attributes": false,
            "claim_name": "id",
            "claim_value_type": "long",
            "client_id": "6bcdd997-a674-422f-a7fd-4e61cc0ebb09",
            "client_scope_id": null,
            "id": "8857e3fb-7df9-4db7-8194-54e98a904657",
            "multivalued": false,
            "name": "gitlab_id",
            "realm_id": "master",
            "user_attribute": "gitlab_id"
          },
          "sensitive_attributes": [],
          "private": "bnVsbA==",
          "dependencies": [
            "keycloak_openid_client.mattermost"
          ]
        }
      ]
    },
    {
      "mode": "managed",
      "type": "keycloak_openid_user_property_protocol_mapper",
      "name": "username",
      "provider": "provider[\"registry.terraform.io/mrparkers/keycloak\"]",
      "instances": [
        {
          "schema_version": 0,
          "attributes": {
            "add_to_access_token": false,
            "add_to_id_token": false,
            "add_to_userinfo": true,
            "claim_name": "username",
            "claim_value_type": "String",
            "client_id": "6bcdd997-a674-422f-a7fd-4e61cc0ebb09",
            "client_scope_id": null,
            "id": "81d4442b-11bb-4efb-83f8-e8a5adc60245",
            "name": "username",
            "realm_id": "master",
            "user_property": "username"
          },
          "sensitive_attributes": [],
          "private": "bnVsbA==",
          "dependencies": [
            "keycloak_openid_client.mattermost"
          ]
        }
      ]
    },
    {
      "mode": "managed",
      "type": "keycloak_user",
      "name": "users",
      "provider": "provider[\"registry.terraform.io/mrparkers/keycloak\"]",
      "instances": [
        {
          "index_key": "user-admin",
          "schema_version": 0,
          "attributes": {
            "attributes": {
              "gitlab_id": "2"
            },
            "email": "user-admin@domain.com",
            "email_verified": true,
            "enabled": true,
            "federated_identity": [],
            "first_name": "user-admin",
            "id": "05cfef21-9f1e-4979-ae91-77c7350b2c1b",
            "initial_password": [
              {
                "temporary": false,
                "value": "user-admin"
              }
            ],
            "last_name": "user-admin",
            "realm_id": "master",
            "username": "user-admin"
          },
          "sensitive_attributes": [],
          "private": "bnVsbA=="
        },
        {
          "index_key": "user-dev",
          "schema_version": 0,
          "attributes": {
            "attributes": {
              "gitlab_id": "1"
            },
            "email": "user-dev@domain.com",
            "email_verified": true,
            "enabled": true,
            "federated_identity": [],
            "first_name": "user-dev",
            "id": "744aae92-1531-44eb-8415-ef6956703235",
            "initial_password": [
              {
                "temporary": false,
                "value": "user-dev"
              }
            ],
            "last_name": "user-dev",
            "realm_id": "master",
            "username": "user-dev"
          },
          "sensitive_attributes": [],
          "private": "bnVsbA=="
        }
      ]
    },
    {
      "mode": "managed",
      "type": "keycloak_user_groups",
      "name": "user_groups",
      "provider": "provider[\"registry.terraform.io/mrparkers/keycloak\"]",
      "instances": [
        {
          "index_key": "user-admin",
          "schema_version": 0,
          "attributes": {
            "exhaustive": true,
            "group_ids": [
              "24330b40-2b3d-4dc5-bcbc-a113fc5cba3f",
              "903052af-c104-4dff-8c47-163537a8569a",
              "d06afa0f-195c-4347-aeef-a7f22defe0c4"
            ],
            "id": "master/05cfef21-9f1e-4979-ae91-77c7350b2c1b",
            "realm_id": "master",
            "user_id": "05cfef21-9f1e-4979-ae91-77c7350b2c1b"
          },
          "sensitive_attributes": [],
          "private": "bnVsbA==",
          "dependencies": [
            "keycloak_group.groups",
            "keycloak_user.users"
          ]
        },
        {
          "index_key": "user-dev",
          "schema_version": 0,
          "attributes": {
            "exhaustive": true,
            "group_ids": [
              "82fc5ec7-ed2f-4b03-a82e-2b73c4558df7",
              "ab018092-a6b9-43bb-a02c-5e3d8ea391c4",
              "d3a5a00b-bd6e-451d-988e-c5c0e5ee7031"
            ],
            "id": "master/744aae92-1531-44eb-8415-ef6956703235",
            "realm_id": "master",
            "user_id": "744aae92-1531-44eb-8415-ef6956703235"
          },
          "sensitive_attributes": [],
          "private": "bnVsbA==",
          "dependencies": [
            "keycloak_group.groups",
            "keycloak_user.users"
          ]
        }
      ]
    }
  ],
  "check_results": null
}
